
Microsoft Visual Studio Solution File, Format Version 12.00
# Visual Studio Version 17
VisualStudioVersion = 17.9.34607.119
MinimumVisualStudioVersion = 10.0.40219.1
Project("{9A19103F-16F7-4668-BE54-9A1E7A4F7556}") = "SharpRTSPClient", "SharpRTSPClient\SharpRTSPClient.csproj", "{9D0C2B4B-9114-4FF9-8CED-C8D798E0EC44}"
EndProject
Project("{9A19103F-16F7-4668-BE54-9A1E7A4F7556}") = "RTSPClientApp", "RTSPClientApp\RTSPClientApp.csproj", "{A98D08A3-1617-4953-AB98-11CFB6159529}"
EndProject
Project("{9A19103F-16F7-4668-BE54-9A1E7A4F7556}") = "SharpRTSPServer", "SharpRTSPServer\SharpRTSPServer.csproj", "{2861FF08-5446-4510-9E94-CB8D64F07136}"
EndProject
Project("{9A19103F-16F7-4668-BE54-9A1E7A4F7556}") = "RTSPServerApp", "RTSPServerApp\RTSPServerApp.csproj", "{A1E94FC9-5F61-41F3-99AC-3C081E1F965B}"
EndProject
Project("{2150E333-8FDC-42A3-9474-1A3956D46DE8}") = "Samples", "Samples", "{660C9331-283E-462F-9DB1-1BC2BCB12B2D}"
EndProject
Global
	GlobalSection(SolutionConfigurationPlatforms) = preSolution
		Debug|Any CPU = Debug|Any CPU
		Release|Any CPU = Release|Any CPU
	EndGlobalSection
	GlobalSection(ProjectConfigurationPlatforms) = postSolution
		{9D0C2B4B-9114-4FF9-8CED-C8D798E0EC44}.Debug|Any CPU.ActiveCfg = Debug|Any CPU
		{9D0C2B4B-9114-4FF9-8CED-C8D798E0EC44}.Debug|Any CPU.Build.0 = Debug|Any CPU
		{9D0C2B4B-9114-4FF9-8CED-C8D798E0EC44}.Release|Any CPU.ActiveCfg = Release|Any CPU
		{9D0C2B4B-9114-4FF9-8CED-C8D798E0EC44}.Release|Any CPU.Build.0 = Release|Any CPU
		{A98D08A3-1617-4953-AB98-11CFB6159529}.Debug|Any CPU.ActiveCfg = Debug|Any CPU
		{A98D08A3-1617-4953-AB98-11CFB6159529}.Debug|Any CPU.Build.0 = Debug|Any CPU
		{A98D08A3-1617-4953-AB98-11CFB6159529}.Release|Any CPU.ActiveCfg = Release|Any CPU
		{A98D08A3-1617-4953-AB98-11CFB6159529}.Release|Any CPU.Build.0 = Release|Any CPU
		{2861FF08-5446-4510-9E94-CB8D64F07136}.Debug|Any CPU.ActiveCfg = Debug|Any CPU
		{2861FF08-5446-4510-9E94-CB8D64F07136}.Debug|Any CPU.Build.0 = Debug|Any CPU
		{2861FF08-5446-4510-9E94-CB8D64F07136}.Release|Any CPU.ActiveCfg = Release|Any CPU
		{2861FF08-5446-4510-9E94-CB8D64F07136}.Release|Any CPU.Build.0 = Release|Any CPU
		{A1E94FC9-5F61-41F3-99AC-3C081E1F965B}.Debug|Any CPU.ActiveCfg = Debug|Any CPU
		{A1E94FC9-5F61-41F3-99AC-3C081E1F965B}.Debug|Any CPU.Build.0 = Debug|Any CPU
		{A1E94FC9-5F61-41F3-99AC-3C081E1F965B}.Release|Any CPU.ActiveCfg = Release|Any CPU
		{A1E94FC9-5F61-41F3-99AC-3C081E1F965B}.Release|Any CPU.Build.0 = Release|Any CPU
	EndGlobalSection
	GlobalSection(SolutionProperties) = preSolution
		HideSolutionNode = FALSE
	EndGlobalSection
	GlobalSection(NestedProjects) = preSolution
		{A98D08A3-1617-4953-AB98-11CFB6159529} = {660C9331-283E-462F-9DB1-1BC2BCB12B2D}
		{A1E94FC9-5F61-41F3-99AC-3C081E1F965B} = {660C9331-283E-462F-9DB1-1BC2BCB12B2D}
	EndGlobalSection
	GlobalSection(ExtensibilityGlobals) = postSolution
		SolutionGuid = {BB335B23-D422-4DDC-9B06-833B6E100A0C}
	EndGlobalSection
EndGlobal
