
Microsoft Visual Studio Solution File, Format Version 12.00
# Visual Studio Version 17
VisualStudioVersion = 17.9.34607.119
MinimumVisualStudioVersion = 10.0.40219.1
Project("{FAE04EC0-301F-11D3-BF4B-00C04F79EFBC}") = "SharpRTSPClient", "SharpRTSPClient\SharpRTSPClient.csproj", "{9D0C2B4B-9114-4FF9-8CED-C8D798E0EC44}"
EndProject
Global
	GlobalSection(SolutionConfigurationPlatforms) = preSolution
		Debug|Any CPU = Debug|Any CPU
		Release|Any CPU = Release|Any CPU
	EndGlobalSection
	GlobalSection(ProjectConfigurationPlatforms) = postSolution
		{9D0C2B4B-9114-4FF9-8CED-C8D798E0EC44}.Debug|Any CPU.ActiveCfg = Debug|Any CPU
		{9D0C2B4B-9114-4FF9-8CED-C8D798E0EC44}.Debug|Any CPU.Build.0 = Debug|Any CPU
		{9D0C2B4B-9114-4FF9-8CED-C8D798E0EC44}.Release|Any CPU.ActiveCfg = Release|Any CPU
		{9D0C2B4B-9114-4FF9-8CED-C8D798E0EC44}.Release|Any CPU.Build.0 = Release|Any CPU
	EndGlobalSection
	GlobalSection(SolutionProperties) = preSolution
		HideSolutionNode = FALSE
	EndGlobalSection
	GlobalSection(ExtensibilityGlobals) = postSolution
		SolutionGuid = {BB335B23-D422-4DDC-9B06-833B6E100A0C}
	EndGlobalSection
EndGlobal
