
Microsoft Visual Studio Solution File, Format Version 12.00
# Visual Studio Version 18
VisualStudioVersion = 18.1.11312.151 d18.0
MinimumVisualStudioVersion = 10.0.40219.1
Project("{9A19103F-16F7-4668-BE54-9A1E7A4F7556}") = "SharpRTSPServer", "SharpRTSPServer\SharpRTSPServer.csproj", "{2861FF08-5446-4510-9E94-CB8D64F07136}"
EndProject
Project("{9A19103F-16F7-4668-BE54-9A1E7A4F7556}") = "RTSPServerApp", "RTSPServerApp\RTSPServerApp.csproj", "{A1E94FC9-5F61-41F3-99AC-3C081E1F965B}"
EndProject
Project("{2150E333-8FDC-42A3-9474-1A3956D46DE8}") = "Samples", "Samples", "{660C9331-283E-462F-9DB1-1BC2BCB12B2D}"
EndProject
Project("{9A19103F-16F7-4668-BE54-9A1E7A4F7556}") = "RTSPServerFFmpeg", "RTSPServerFFmpeg\RTSPServerFFmpeg.csproj", "{4D660B91-8244-4C49-8A46-E0DA989F5111}"
EndProject
Project("{FAE04EC0-301F-11D3-BF4B-00C04F79EFBC}") = "RTSPServerPcap", "RTSPServerPcap\RTSPServerPcap.csproj", "{CFADBA74-C3EA-4B86-B800-43ECF68D77C4}"
EndProject
Project("{2150E333-8FDC-42A3-9474-1A3956D46DE8}") = "Solution Items", "Solution Items", "{8EC462FD-D22E-90A8-E5CE-7E832BA40C5D}"
	ProjectSection(SolutionItems) = preProject
		Directory.Build.props = Directory.Build.props
	EndProjectSection
EndProject
Project("{FAE04EC0-301F-11D3-BF4B-00C04F79EFBC}") = "SrtpServerSample", "SrtpServerSample\SrtpServerSample.csproj", "{D0D844B7-1B21-8BD4-48D5-2BB608A807F1}"
EndProject
Global
	GlobalSection(SolutionConfigurationPlatforms) = preSolution
		Debug|Any CPU = Debug|Any CPU
		Release|Any CPU = Release|Any CPU
	EndGlobalSection
	GlobalSection(ProjectConfigurationPlatforms) = postSolution
		{2861FF08-5446-4510-9E94-CB8D64F07136}.Debug|Any CPU.ActiveCfg = Debug|Any CPU
		{2861FF08-5446-4510-9E94-CB8D64F07136}.Debug|Any CPU.Build.0 = Debug|Any CPU
		{2861FF08-5446-4510-9E94-CB8D64F07136}.Release|Any CPU.ActiveCfg = Release|Any CPU
		{2861FF08-5446-4510-9E94-CB8D64F07136}.Release|Any CPU.Build.0 = Release|Any CPU
		{A1E94FC9-5F61-41F3-99AC-3C081E1F965B}.Debug|Any CPU.ActiveCfg = Debug|Any CPU
		{A1E94FC9-5F61-41F3-99AC-3C081E1F965B}.Debug|Any CPU.Build.0 = Debug|Any CPU
		{A1E94FC9-5F61-41F3-99AC-3C081E1F965B}.Release|Any CPU.ActiveCfg = Release|Any CPU
		{A1E94FC9-5F61-41F3-99AC-3C081E1F965B}.Release|Any CPU.Build.0 = Release|Any CPU
		{4D660B91-8244-4C49-8A46-E0DA989F5111}.Debug|Any CPU.ActiveCfg = Debug|Any CPU
		{4D660B91-8244-4C49-8A46-E0DA989F5111}.Debug|Any CPU.Build.0 = Debug|Any CPU
		{4D660B91-8244-4C49-8A46-E0DA989F5111}.Release|Any CPU.ActiveCfg = Release|Any CPU
		{4D660B91-8244-4C49-8A46-E0DA989F5111}.Release|Any CPU.Build.0 = Release|Any CPU
		{CFADBA74-C3EA-4B86-B800-43ECF68D77C4}.Debug|Any CPU.ActiveCfg = Debug|Any CPU
		{CFADBA74-C3EA-4B86-B800-43ECF68D77C4}.Debug|Any CPU.Build.0 = Debug|Any CPU
		{CFADBA74-C3EA-4B86-B800-43ECF68D77C4}.Release|Any CPU.ActiveCfg = Release|Any CPU
		{CFADBA74-C3EA-4B86-B800-43ECF68D77C4}.Release|Any CPU.Build.0 = Release|Any CPU
		{D0D844B7-1B21-8BD4-48D5-2BB608A807F1}.Debug|Any CPU.ActiveCfg = Debug|Any CPU
		{D0D844B7-1B21-8BD4-48D5-2BB608A807F1}.Debug|Any CPU.Build.0 = Debug|Any CPU
		{D0D844B7-1B21-8BD4-48D5-2BB608A807F1}.Release|Any CPU.ActiveCfg = Release|Any CPU
		{D0D844B7-1B21-8BD4-48D5-2BB608A807F1}.Release|Any CPU.Build.0 = Release|Any CPU
	EndGlobalSection
	GlobalSection(SolutionProperties) = preSolution
		HideSolutionNode = FALSE
	EndGlobalSection
	GlobalSection(NestedProjects) = preSolution
		{A1E94FC9-5F61-41F3-99AC-3C081E1F965B} = {660C9331-283E-462F-9DB1-1BC2BCB12B2D}
		{4D660B91-8244-4C49-8A46-E0DA989F5111} = {660C9331-283E-462F-9DB1-1BC2BCB12B2D}
		{CFADBA74-C3EA-4B86-B800-43ECF68D77C4} = {660C9331-283E-462F-9DB1-1BC2BCB12B2D}
		{D0D844B7-1B21-8BD4-48D5-2BB608A807F1} = {660C9331-283E-462F-9DB1-1BC2BCB12B2D}
	EndGlobalSection
	GlobalSection(ExtensibilityGlobals) = postSolution
		SolutionGuid = {BB335B23-D422-4DDC-9B06-833B6E100A0C}
	EndGlobalSection
EndGlobal
